
Microsoft Visual Studio Solution File, Format Version 12.00
# Visual Studio Version 16
VisualStudioVersion = 16.0.29411.108
MinimumVisualStudioVersion = 10.0.40219.1
Project("{FAE04EC0-301F-11D3-BF4B-00C04F79EFBC}") = "TodoApi", "TodoApi.csproj", "{3D3250F0-A9F7-4045-B815-6E460B1EF073}"
EndProject
Global
	GlobalSection(SolutionConfigurationPlatforms) = preSolution
		Debug|Any CPU = Debug|Any CPU
		Release|Any CPU = Release|Any CPU
	EndGlobalSection
	GlobalSection(ProjectConfigurationPlatforms) = postSolution
		{3D3250F0-A9F7-4045-B815-6E460B1EF073}.Debug|Any CPU.ActiveCfg = Debug|Any CPU
		{3D3250F0-A9F7-4045-B815-6E460B1EF073}.Debug|Any CPU.Build.0 = Debug|Any CPU
		{3D3250F0-A9F7-4045-B815-6E460B1EF073}.Release|Any CPU.ActiveCfg = Release|Any CPU
		{3D3250F0-A9F7-4045-B815-6E460B1EF073}.Release|Any CPU.Build.0 = Release|Any CPU
	EndGlobalSection
	GlobalSection(SolutionProperties) = preSolution
		HideSolutionNode = FALSE
	EndGlobalSection
	GlobalSection(ExtensibilityGlobals) = postSolution
		SolutionGuid = {DF5F2ED2-008F-4F82-A443-E2EF0EB2373F}
	EndGlobalSection
EndGlobal
